// !$*UTF8*$!
{
	archiveVersion = 1;
	classes = {
	};
	objectVersion = 46;
	objects = {

/* Begin PBXBuildFile section */
		845D8B6F1A03563F001ADBCA /* main.m in Sources */ = {isa = PBXBuildFile; fileRef = 845D8B6E1A03563F001ADBCA /* main.m */; };
		845D8B721A03563F001ADBCA /* AppDelegate.m in Sources */ = {isa = PBXBuildFile; fileRef = 845D8B711A03563F001ADBCA /* AppDelegate.m */; };
		845D8B7A1A03563F001ADBCA /* Images.xcassets in Resources */ = {isa = PBXBuildFile; fileRef = 845D8B791A03563F001ADBCA /* Images.xcassets */; };
		845D8B7D1A03563F001ADBCA /* LaunchScreen.xib in Resources */ = {isa = PBXBuildFile; fileRef = 845D8B7B1A03563F001ADBCA /* LaunchScreen.xib */; };
		845D8B891A03563F001ADBCA /* beiwangluTests.m in Sources */ = {isa = PBXBuildFile; fileRef = 845D8B881A03563F001ADBCA /* beiwangluTests.m */; };
		845D8B9A1A035D2F001ADBCA /* BaseViewController.m in Sources */ = {isa = PBXBuildFile; fileRef = 845D8B991A035D2F001ADBCA /* BaseViewController.m */; };
		C1289F6AD3CD4BABB6F15807 /* libPods.a in Frameworks */ = {isa = PBXBuildFile; fileRef = 00B5C825526A468791F3AFB9 /* libPods.a */; };
/* End PBXBuildFile section */

/* Begin PBXContainerItemProxy section */
		845D8B831A03563F001ADBCA /* PBXContainerItemProxy */ = {
			isa = PBXContainerItemProxy;
			containerPortal = 845D8B611A03563F001ADBCA /* Project object */;
			proxyType = 1;
			remoteGlobalIDString = 845D8B681A03563F001ADBCA;
			remoteInfo = beiwanglu;
		};
/* End PBXContainerItemProxy section */

/* Begin PBXFileReference section */
		00B5C825526A468791F3AFB9 /* libPods.a */ = {isa = PBXFileReference; explicitFileType = archive.ar; includeInIndex = 0; path = libPods.a; sourceTree = BUILT_PRODUCTS_DIR; };
		39137913E9F444D28A9F50F3 /* Pods.xcconfig */ = {isa = PBXFileReference; includeInIndex = 1; lastKnownFileType = text.xcconfig; name = Pods.xcconfig; path = Pods/Pods.xcconfig; sourceTree = "<group>"; };
		845D8B691A03563F001ADBCA /* beiwanglu.app */ = {isa = PBXFileReference; explicitFileType = wrapper.application; includeInIndex = 0; path = beiwanglu.app; sourceTree = BUILT_PRODUCTS_DIR; };
		845D8B6D1A03563F001ADBCA /* Info.plist */ = {isa = PBXFileReference; lastKnownFileType = text.plist.xml; path = Info.plist; sourceTree = "<group>"; };
		845D8B6E1A03563F001ADBCA /* main.m */ = {isa = PBXFileReference; lastKnownFileType = sourcecode.c.objc; path = main.m; sourceTree = "<group>"; };
		845D8B701A03563F001ADBCA /* AppDelegate.h */ = {isa = PBXFileReference; lastKnownFileType = sourcecode.c.h; path = AppDelegate.h; sourceTree = "<group>"; };
		845D8B711A03563F001ADBCA /* AppDelegate.m */ = {isa = PBXFileReference; lastKnownFileType = sourcecode.c.objc; path = AppDelegate.m; sourceTree = "<group>"; };
		845D8B791A03563F001ADBCA /* Images.xcassets */ = {isa = PBXFileReference; lastKnownFileType = folder.assetcatalog; path = Images.xcassets; sourceTree = "<group>"; };
		845D8B7C1A03563F001ADBCA /* Base */ = {isa = PBXFileReference; lastKnownFileType = file.xib; name = Base; path = Base.lproj/LaunchScreen.xib; sourceTree = "<group>"; };
		845D8B821A03563F001ADBCA /* beiwangluTests.xctest */ = {isa = PBXFileReference; explicitFileType = wrapper.cfbundle; includeInIndex = 0; path = beiwangluTests.xctest; sourceTree = BUILT_PRODUCTS_DIR; };
		845D8B871A03563F001ADBCA /* Info.plist */ = {isa = PBXFileReference; lastKnownFileType = text.plist.xml; path = Info.plist; sourceTree = "<group>"; };
		845D8B881A03563F001ADBCA /* beiwangluTests.m */ = {isa = PBXFileReference; lastKnownFileType = sourcecode.c.objc; path = beiwangluTests.m; sourceTree = "<group>"; };
		845D8B981A035D2F001ADBCA /* BaseViewController.h */ = {isa = PBXFileReference; fileEncoding = 4; lastKnownFileType = sourcecode.c.h; name = BaseViewController.h; path = ../../../../../../Users/admin/Documents/BaseViewController.h; sourceTree = "<group>"; };
		845D8B991A035D2F001ADBCA /* BaseViewController.m */ = {isa = PBXFileReference; fileEncoding = 4; lastKnownFileType = sourcecode.c.objc; name = BaseViewController.m; path = ../../../../../../Users/admin/Documents/BaseViewController.m; sourceTree = "<group>"; };
/* End PBXFileReference section */

/* Begin PBXFrameworksBuildPhase section */
		845D8B661A03563F001ADBCA /* Frameworks */ = {
			isa = PBXFrameworksBuildPhase;
			buildActionMask = 2147483647;
			files = (
				C1289F6AD3CD4BABB6F15807 /* libPods.a in Frameworks */,
			);
			runOnlyForDeploymentPostprocessing = 0;
		};
		845D8B7F1A03563F001ADBCA /* Frameworks */ = {
			isa = PBXFrameworksBuildPhase;
			buildActionMask = 2147483647;
			files = (
			);
			runOnlyForDeploymentPostprocessing = 0;
		};
/* End PBXFrameworksBuildPhase section */

/* Begin PBXGroup section */
		845D8B601A03563F001ADBCA = {
			isa = PBXGroup;
			children = (
				845D8B6B1A03563F001ADBCA /* beiwanglu */,
				845D8B851A03563F001ADBCA /* beiwangluTests */,
				845D8B6A1A03563F001ADBCA /* Products */,
				39137913E9F444D28A9F50F3 /* Pods.xcconfig */,
				A9659C3A8A0E4F27A8F8FB3D /* Frameworks */,
			);
			sourceTree = "<group>";
		};
		845D8B6A1A03563F001ADBCA /* Products */ = {
			isa = PBXGroup;
			children = (
				845D8B691A03563F001ADBCA /* beiwanglu.app */,
				845D8B821A03563F001ADBCA /* beiwangluTests.xctest */,
			);
			name = Products;
			sourceTree = "<group>";
		};
		845D8B6B1A03563F001ADBCA /* beiwanglu */ = {
			isa = PBXGroup;
			children = (
				845D8B701A03563F001ADBCA /* AppDelegate.h */,
				845D8B711A03563F001ADBCA /* AppDelegate.m */,
				845D8B791A03563F001ADBCA /* Images.xcassets */,
				845D8B7B1A03563F001ADBCA /* LaunchScreen.xib */,
				845D8B941A035C88001ADBCA /* ViewController */,
				845D8B6C1A03563F001ADBCA /* Supporting Files */,
			);
			path = beiwanglu;
			sourceTree = "<group>";
		};
		845D8B6C1A03563F001ADBCA /* Supporting Files */ = {
			isa = PBXGroup;
			children = (
				845D8B6D1A03563F001ADBCA /* Info.plist */,
				845D8B6E1A03563F001ADBCA /* main.m */,
			);
			name = "Supporting Files";
			sourceTree = "<group>";
		};
		845D8B851A03563F001ADBCA /* beiwangluTests */ = {
			isa = PBXGroup;
			children = (
				845D8B881A03563F001ADBCA /* beiwangluTests.m */,
				845D8B861A03563F001ADBCA /* Supporting Files */,
			);
			path = beiwangluTests;
			sourceTree = "<group>";
		};
		845D8B861A03563F001ADBCA /* Supporting Files */ = {
			isa = PBXGroup;
			children = (
				845D8B871A03563F001ADBCA /* Info.plist */,
			);
			name = "Supporting Files";
			sourceTree = "<group>";
		};
		845D8B941A035C88001ADBCA /* ViewController */ = {
			isa = PBXGroup;
			children = (
				845D8B951A035CA0001ADBCA /* BaseViewController */,
			);
			path = ViewController;
			sourceTree = "<group>";
		};
		845D8B951A035CA0001ADBCA /* BaseViewController */ = {
			isa = PBXGroup;
			children = (
				845D8B981A035D2F001ADBCA /* BaseViewController.h */,
				845D8B991A035D2F001ADBCA /* BaseViewController.m */,
			);
			path = BaseViewController;
			sourceTree = "<group>";
		};
		A9659C3A8A0E4F27A8F8FB3D /* Frameworks */ = {
			isa = PBXGroup;
			children = (
				00B5C825526A468791F3AFB9 /* libPods.a */,
			);
			name = Frameworks;
			sourceTree = "<group>";
		};
/* End PBXGroup section */

/* Begin PBXNativeTarget section */
		845D8B681A03563F001ADBCA /* beiwanglu */ = {
			isa = PBXNativeTarget;
			buildConfigurationList = 845D8B8C1A03563F001ADBCA /* Build configuration list for PBXNativeTarget "beiwanglu" */;
			buildPhases = (
				B7031613A3BA46D09CC9FA6C /* Check Pods Manifest.lock */,
				845D8B651A03563F001ADBCA /* Sources */,
				845D8B661A03563F001ADBCA /* Frameworks */,
				845D8B671A03563F001ADBCA /* Resources */,
				D272C66117D14E6BAE4D8C97 /* Copy Pods Resources */,
			);
			buildRules = (
			);
			dependencies = (
			);
			name = beiwanglu;
			productName = beiwanglu;
			productReference = 845D8B691A03563F001ADBCA /* beiwanglu.app */;
			productType = "com.apple.product-type.application";
		};
		845D8B811A03563F001ADBCA /* beiwangluTests */ = {
			isa = PBXNativeTarget;
			buildConfigurationList = 845D8B8F1A03563F001ADBCA /* Build configuration list for PBXNativeTarget "beiwangluTests" */;
			buildPhases = (
				845D8B7E1A03563F001ADBCA /* Sources */,
				845D8B7F1A03563F001ADBCA /* Frameworks */,
				845D8B801A03563F001ADBCA /* Resources */,
			);
			buildRules = (
			);
			dependencies = (
				845D8B841A03563F001ADBCA /* PBXTargetDependency */,
			);
			name = beiwangluTests;
			productName = beiwangluTests;
			productReference = 845D8B821A03563F001ADBCA /* beiwangluTests.xctest */;
			productType = "com.apple.product-type.bundle.unit-test";
		};
/* End PBXNativeTarget section */

/* Begin PBXProject section */
		845D8B611A03563F001ADBCA /* Project object */ = {
			isa = PBXProject;
			attributes = {
				LastUpgradeCheck = 0610;
				ORGANIZATIONNAME = xiaoguizi;
				TargetAttributes = {
					845D8B681A03563F001ADBCA = {
						CreatedOnToolsVersion = 6.1;
					};
					845D8B811A03563F001ADBCA = {
						CreatedOnToolsVersion = 6.1;
						TestTargetID = 845D8B681A03563F001ADBCA;
					};
				};
			};
			buildConfigurationList = 845D8B641A03563F001ADBCA /* Build configuration list for PBXProject "beiwanglu" */;
			compatibilityVersion = "Xcode 3.2";
			developmentRegion = English;
			hasScannedForEncodings = 0;
			knownRegions = (
				en,
				Base,
			);
			mainGroup = 845D8B601A03563F001ADBCA;
			productRefGroup = 845D8B6A1A03563F001ADBCA /* Products */;
			projectDirPath = "";
			projectRoot = "";
			targets = (
				845D8B681A03563F001ADBCA /* beiwanglu */,
				845D8B811A03563F001ADBCA /* beiwangluTests */,
			);
		};
/* End PBXProject section */

/* Begin PBXResourcesBuildPhase section */
		845D8B671A03563F001ADBCA /* Resources */ = {
			isa = PBXResourcesBuildPhase;
			buildActionMask = 2147483647;
			files = (
				845D8B7D1A03563F001ADBCA /* LaunchScreen.xib in Resources */,
				845D8B7A1A03563F001ADBCA /* Images.xcassets in Resources */,
			);
			runOnlyForDeploymentPostprocessing = 0;
		};
		845D8B801A03563F001ADBCA /* Resources */ = {
			isa = PBXResourcesBuildPhase;
			buildActionMask = 2147483647;
			files = (
			);
			runOnlyForDeploymentPostprocessing = 0;
		};
/* End PBXResourcesBuildPhase section */

/* Begin PBXShellScriptBuildPhase section */
		B7031613A3BA46D09CC9FA6C /* Check Pods Manifest.lock */ = {
			isa = PBXShellScriptBuildPhase;
			buildActionMask = 2147483647;
			files = (
			);
			inputPaths = (
			);
			name = "Check Pods Manifest.lock";
			outputPaths = (
			);
			runOnlyForDeploymentPostprocessing = 0;
			shellPath = /bin/sh;
			shellScript = "diff \"${PODS_ROOT}/../Podfile.lock\" \"${PODS_ROOT}/Manifest.lock\" > /dev/null\nif [[ $? != 0 ]] ; then\n    cat << EOM\nerror: The sandbox is not in sync with the Podfile.lock. Run 'pod install' or update your CocoaPods installation.\nEOM\n    exit 1\nfi\n";
			showEnvVarsInLog = 0;
		};
		D272C66117D14E6BAE4D8C97 /* Copy Pods Resources */ = {
			isa = PBXShellScriptBuildPhase;
			buildActionMask = 2147483647;
			files = (
			);
			inputPaths = (
			);
			name = "Copy Pods Resources";
			outputPaths = (
			);
			runOnlyForDeploymentPostprocessing = 0;
			shellPath = /bin/sh;
			shellScript = "\"${SRCROOT}/Pods/Pods-resources.sh\"\n";
			showEnvVarsInLog = 0;
		};
/* End PBXShellScriptBuildPhase section */

/* Begin PBXSourcesBuildPhase section */
		845D8B651A03563F001ADBCA /* Sources */ = {
			isa = PBXSourcesBuildPhase;
			buildActionMask = 2147483647;
			files = (
				845D8B721A03563F001ADBCA /* AppDelegate.m in Sources */,
				845D8B9A1A035D2F001ADBCA /* BaseViewController.m in Sources */,
				845D8B6F1A03563F001ADBCA /* main.m in Sources */,
			);
			runOnlyForDeploymentPostprocessing = 0;
		};
		845D8B7E1A03563F001ADBCA /* Sources */ = {
			isa = PBXSourcesBuildPhase;
			buildActionMask = 2147483647;
			files = (
				845D8B891A03563F001ADBCA /* beiwangluTests.m in Sources */,
			);
			runOnlyForDeploymentPostprocessing = 0;
		};
/* End PBXSourcesBuildPhase section */

/* Begin PBXTargetDependency section */
		845D8B841A03563F001ADBCA /* PBXTargetDependency */ = {
			isa = PBXTargetDependency;
			target = 845D8B681A03563F001ADBCA /* beiwanglu */;
			targetProxy = 845D8B831A03563F001ADBCA /* PBXContainerItemProxy */;
		};
/* End PBXTargetDependency section */

/* Begin PBXVariantGroup section */
		845D8B7B1A03563F001ADBCA /* LaunchScreen.xib */ = {
			isa = PBXVariantGroup;
			children = (
				845D8B7C1A03563F001ADBCA /* Base */,
			);
			name = LaunchScreen.xib;
			sourceTree = "<group>";
		};
/* End PBXVariantGroup section */

/* Begin XCBuildConfiguration section */
		845D8B8A1A03563F001ADBCA /* Debug */ = {
			isa = XCBuildConfiguration;
			buildSettings = {
				ALWAYS_SEARCH_USER_PATHS = NO;
				CLANG_CXX_LANGUAGE_STANDARD = "gnu++0x";
				CLANG_CXX_LIBRARY = "libc++";
				CLANG_ENABLE_MODULES = YES;
				CLANG_ENABLE_OBJC_ARC = YES;
				CLANG_WARN_BOOL_CONVERSION = YES;
				CLANG_WARN_CONSTANT_CONVERSION = YES;
				CLANG_WARN_DIRECT_OBJC_ISA_USAGE = YES_ERROR;
				CLANG_WARN_EMPTY_BODY = YES;
				CLANG_WARN_ENUM_CONVERSION = YES;
				CLANG_WARN_INT_CONVERSION = YES;
				CLANG_WARN_OBJC_ROOT_CLASS = YES_ERROR;
				CLANG_WARN_UNREACHABLE_CODE = YES;
				CLANG_WARN__DUPLICATE_METHOD_MATCH = YES;
				"CODE_SIGN_IDENTITY[sdk=iphoneos*]" = "iPhone Developer";
				COPY_PHASE_STRIP = NO;
				ENABLE_STRICT_OBJC_MSGSEND = YES;
				GCC_C_LANGUAGE_STANDARD = gnu99;
				GCC_DYNAMIC_NO_PIC = NO;
				GCC_OPTIMIZATION_LEVEL = 0;
				GCC_PREPROCESSOR_DEFINITIONS = (
					"DEBUG=1",
					"$(inherited)",
				);
				GCC_SYMBOLS_PRIVATE_EXTERN = NO;
				GCC_WARN_64_TO_32_BIT_CONVERSION = YES;
				GCC_WARN_ABOUT_RETURN_TYPE = YES_ERROR;
				GCC_WARN_UNDECLARED_SELECTOR = YES;
				GCC_WARN_UNINITIALIZED_AUTOS = YES_AGGRESSIVE;
				GCC_WARN_UNUSED_FUNCTION = YES;
				GCC_WARN_UNUSED_VARIABLE = YES;
				IPHONEOS_DEPLOYMENT_TARGET = 7.1;
				MTL_ENABLE_DEBUG_INFO = YES;
				ONLY_ACTIVE_ARCH = YES;
				SDKROOT = iphoneos;
			};
			name = Debug;
		};
		845D8B8B1A03563F001ADBCA /* Release */ = {
			isa = XCBuildConfiguration;
			buildSettings = {
				ALWAYS_SEARCH_USER_PATHS = NO;
				CLANG_CXX_LANGUAGE_STANDARD = "gnu++0x";
				CLANG_CXX_LIBRARY = "libc++";
				CLANG_ENABLE_MODULES = YES;
				CLANG_ENABLE_OBJC_ARC = YES;
				CLANG_WARN_BOOL_CONVERSION = YES;
				CLANG_WARN_CONSTANT_CONVERSION = YES;
				CLANG_WARN_DIRECT_OBJC_ISA_USAGE = YES_ERROR;
				CLANG_WARN_EMPTY_BODY = YES;
				CLANG_WARN_ENUM_CONVERSION = YES;
				CLANG_WARN_INT_CONVERSION = YES;
				CLANG_WARN_OBJC_ROOT_CLASS = YES_ERROR;
				CLANG_WARN_UNREACHABLE_CODE = YES;
				CLANG_WARN__DUPLICATE_METHOD_MATCH = YES;
				"CODE_SIGN_IDENTITY[sdk=iphoneos*]" = "iPhone Developer";
				COPY_PHASE_STRIP = YES;
				ENABLE_NS_ASSERTIONS = NO;
				ENABLE_STRICT_OBJC_MSGSEND = YES;
				GCC_C_LANGUAGE_STANDARD = gnu99;
				GCC_WARN_64_TO_32_BIT_CONVERSION = YES;
				GCC_WARN_ABOUT_RETURN_TYPE = YES_ERROR;
				GCC_WARN_UNDECLARED_SELECTOR = YES;
				GCC_WARN_UNINITIALIZED_AUTOS = YES_AGGRESSIVE;
				GCC_WARN_UNUSED_FUNCTION = YES;
				GCC_WARN_UNUSED_VARIABLE = YES;
				IPHONEOS_DEPLOYMENT_TARGET = 7.1;
				MTL_ENABLE_DEBUG_INFO = NO;
				SDKROOT = iphoneos;
				VALIDATE_PRODUCT = YES;
			};
			name = Release;
		};
		845D8B8D1A03563F001ADBCA /* Debug */ = {
			isa = XCBuildConfiguration;
			baseConfigurationReference = 39137913E9F444D28A9F50F3 /* Pods.xcconfig */;
			buildSettings = {
				ASSETCATALOG_COMPILER_APPICON_NAME = AppIcon;
				INFOPLIST_FILE = beiwanglu/Info.plist;
				LD_RUNPATH_SEARCH_PATHS = "$(inherited) @executable_path/Frameworks";
				PRODUCT_NAME = "$(TARGET_NAME)";
			};
			name = Debug;
		};
		845D8B8E1A03563F001ADBCA /* Release */ = {
			isa = XCBuildConfiguration;
			baseConfigurationReference = 39137913E9F444D28A9F50F3 /* Pods.xcconfig */;
			buildSettings = {
				ASSETCATALOG_COMPILER_APPICON_NAME = AppIcon;
				INFOPLIST_FILE = beiwanglu/Info.plist;
				LD_RUNPATH_SEARCH_PATHS = "$(inherited) @executable_path/Frameworks";
				PRODUCT_NAME = "$(TARGET_NAME)";
			};
			name = Release;
		};
		845D8B901A03563F001ADBCA /* Debug */ = {
			isa = XCBuildConfiguration;
			buildSettings = {
				BUNDLE_LOADER = "$(TEST_HOST)";
				FRAMEWORK_SEARCH_PATHS = (
					"$(SDKROOT)/Developer/Library/Frameworks",
					"$(inherited)",
				);
				GCC_PREPROCESSOR_DEFINITIONS = (
					"DEBUG=1",
					"$(inherited)",
				);
				INFOPLIST_FILE = beiwangluTests/Info.plist;
				LD_RUNPATH_SEARCH_PATHS = "$(inherited) @executable_path/Frameworks @loader_path/Frameworks";
				PRODUCT_NAME = "$(TARGET_NAME)";
				TEST_HOST = "$(BUILT_PRODUCTS_DIR)/beiwanglu.app/beiwanglu";
			};
			name = Debug;
		};
		845D8B911A03563F001ADBCA /* Release */ = {
			isa = XCBuildConfiguration;
			buildSettings = {
				BUNDLE_LOADER = "$(TEST_HOST)";
				FRAMEWORK_SEARCH_PATHS = (
					"$(SDKROOT)/Developer/Library/Frameworks",
					"$(inherited)",
				);
				INFOPLIST_FILE = beiwangluTests/Info.plist;
				LD_RUNPATH_SEARCH_PATHS = "$(inherited) @executable_path/Frameworks @loader_path/Frameworks";
				PRODUCT_NAME = "$(TARGET_NAME)";
				TEST_HOST = "$(BUILT_PRODUCTS_DIR)/beiwanglu.app/beiwanglu";
			};
			name = Release;
		};
/* End XCBuildConfiguration section */

/* Begin XCConfigurationList section */
		845D8B641A03563F001ADBCA /* Build configuration list for PBXProject "beiwanglu" */ = {
			isa = XCConfigurationList;
			buildConfigurations = (
				845D8B8A1A03563F001ADBCA /* Debug */,
				845D8B8B1A03563F001ADBCA /* Release */,
			);
			defaultConfigurationIsVisible = 0;
			defaultConfigurationName = Release;
		};
		845D8B8C1A03563F001ADBCA /* Build configuration list for PBXNativeTarget "beiwanglu" */ = {
			isa = XCConfigurationList;
			buildConfigurations = (
				845D8B8D1A03563F001ADBCA /* Debug */,
				845D8B8E1A03563F001ADBCA /* Release */,
			);
			defaultConfigurationIsVisible = 0;
			defaultConfigurationName = Release;
		};
		845D8B8F1A03563F001ADBCA /* Build configuration list for PBXNativeTarget "beiwangluTests" */ = {
			isa = XCConfigurationList;
			buildConfigurations = (
				845D8B901A03563F001ADBCA /* Debug */,
				845D8B911A03563F001ADBCA /* Release */,
			);
			defaultConfigurationIsVisible = 0;
			defaultConfigurationName = Release;
		};
/* End XCConfigurationList section */
	};
	rootObject = 845D8B611A03563F001ADBCA /* Project object */;
}
